
Microsoft Visual Studio Solution File, Format Version 12.00
# Visual Studio Version 17
VisualStudioVersion = 17.14.36429.23 d17.14
MinimumVisualStudioVersion = 10.0.40219.1
Project("{FAE04EC0-301F-11D3-BF4B-00C04F79EFBC}") = "DbOperationWithEFCoreApp", "DbOperationWithEFCoreApp\DbOperationWithEFCoreApp.csproj", "{BA9A5839-4C4A-49EB-AEA0-6F11C87AA571}"
EndProject
Global
	GlobalSection(SolutionConfigurationPlatforms) = preSolution
		Debug|Any CPU = Debug|Any CPU
		Release|Any CPU = Release|Any CPU
	EndGlobalSection
	GlobalSection(ProjectConfigurationPlatforms) = postSolution
		{BA9A5839-4C4A-49EB-AEA0-6F11C87AA571}.Debug|Any CPU.ActiveCfg = Debug|Any CPU
		{BA9A5839-4C4A-49EB-AEA0-6F11C87AA571}.Debug|Any CPU.Build.0 = Debug|Any CPU
		{BA9A5839-4C4A-49EB-AEA0-6F11C87AA571}.Release|Any CPU.ActiveCfg = Release|Any CPU
		{BA9A5839-4C4A-49EB-AEA0-6F11C87AA571}.Release|Any CPU.Build.0 = Release|Any CPU
	EndGlobalSection
	GlobalSection(SolutionProperties) = preSolution
		HideSolutionNode = FALSE
	EndGlobalSection
	GlobalSection(ExtensibilityGlobals) = postSolution
		SolutionGuid = {A3996579-0B1A-461E-93D8-594403F408AD}
	EndGlobalSection
EndGlobal
